
Microsoft Visual Studio Solution File, Format Version 12.00
# Visual Studio Version 17
VisualStudioVersion = 17.14.36221.1 d17.14
MinimumVisualStudioVersion = 10.0.40219.1
Project("{FAE04EC0-301F-11D3-BF4B-00C04F79EFBC}") = "socketUDP", "socketUDP\socketUDP.csproj", "{7EDA5983-B608-4CFC-A5E4-8004BA0F3BCD}"
EndProject
Global
	GlobalSection(SolutionConfigurationPlatforms) = preSolution
		Debug|Any CPU = Debug|Any CPU
		Release|Any CPU = Release|Any CPU
	EndGlobalSection
	GlobalSection(ProjectConfigurationPlatforms) = postSolution
		{7EDA5983-B608-4CFC-A5E4-8004BA0F3BCD}.Debug|Any CPU.ActiveCfg = Debug|Any CPU
		{7EDA5983-B608-4CFC-A5E4-8004BA0F3BCD}.Debug|Any CPU.Build.0 = Debug|Any CPU
		{7EDA5983-B608-4CFC-A5E4-8004BA0F3BCD}.Release|Any CPU.ActiveCfg = Release|Any CPU
		{7EDA5983-B608-4CFC-A5E4-8004BA0F3BCD}.Release|Any CPU.Build.0 = Release|Any CPU
	EndGlobalSection
	GlobalSection(SolutionProperties) = preSolution
		HideSolutionNode = FALSE
	EndGlobalSection
	GlobalSection(ExtensibilityGlobals) = postSolution
		SolutionGuid = {236F89C1-CF0D-4A77-9705-A25D84E1492B}
	EndGlobalSection
EndGlobal
